
Microsoft Visual Studio Solution File, Format Version 12.00
# Visual Studio Version 17
VisualStudioVersion = 17.0.32014.148
MinimumVisualStudioVersion = 10.0.40219.1
Project("{FAE04EC0-301F-11D3-BF4B-00C04F79EFBC}") = "member_api", "member_api\member_api.csproj", "{01A76CC1-7766-4CA5-B5AA-B2D661868436}"
EndProject
Global
	GlobalSection(SolutionConfigurationPlatforms) = preSolution
		Debug|Any CPU = Debug|Any CPU
		Release|Any CPU = Release|Any CPU
	EndGlobalSection
	GlobalSection(ProjectConfigurationPlatforms) = postSolution
		{01A76CC1-7766-4CA5-B5AA-B2D661868436}.Debug|Any CPU.ActiveCfg = Debug|Any CPU
		{01A76CC1-7766-4CA5-B5AA-B2D661868436}.Debug|Any CPU.Build.0 = Debug|Any CPU
		{01A76CC1-7766-4CA5-B5AA-B2D661868436}.Release|Any CPU.ActiveCfg = Release|Any CPU
		{01A76CC1-7766-4CA5-B5AA-B2D661868436}.Release|Any CPU.Build.0 = Release|Any CPU
	EndGlobalSection
	GlobalSection(SolutionProperties) = preSolution
		HideSolutionNode = FALSE
	EndGlobalSection
	GlobalSection(ExtensibilityGlobals) = postSolution
		SolutionGuid = {D46D0C3D-4C0A-4AD5-BB4D-C7D047717F62}
	EndGlobalSection
EndGlobal
